// !$*UTF8*$!
{
	archiveVersion = 1;
	classes = {
	};
	objectVersion = 46;
	objects = {

/* Begin PBXBuildFile section */
		BFA88BB11A35D90A00C8DA70 /* main.m in Sources */ = {isa = PBXBuildFile; fileRef = BFA88BB01A35D90A00C8DA70 /* main.m */; };
/* End PBXBuildFile section */

/* Begin PBXCopyFilesBuildPhase section */
		BFA88BAB1A35D90A00C8DA70 /* CopyFiles */ = {
			isa = PBXCopyFilesBuildPhase;
			buildActionMask = 2147483647;
			dstPath = /usr/share/man/man1/;
			dstSubfolderSpec = 0;
			files = (
			);
			runOnlyForDeploymentPostprocessing = 1;
		};
/* End PBXCopyFilesBuildPhase section */

/* Begin PBXFileReference section */
		BF094D341A36249900C2BA7E /* RVStringObfuscator.h */ = {isa = PBXFileReference; lastKnownFileType = sourcecode.c.h; path = RVStringObfuscator.h; sourceTree = "<group>"; };
		BFA88BAD1A35D90A00C8DA70 /* StringObfuscator */ = {isa = PBXFileReference; explicitFileType = "compiled.mach-o.executable"; includeInIndex = 0; path = StringObfuscator; sourceTree = BUILT_PRODUCTS_DIR; };
		BFA88BB01A35D90A00C8DA70 /* main.m */ = {isa = PBXFileReference; lastKnownFileType = sourcecode.c.objc; path = main.m; sourceTree = "<group>"; };
/* End PBXFileReference section */

/* Begin PBXFrameworksBuildPhase section */
		BFA88BAA1A35D90A00C8DA70 /* Frameworks */ = {
			isa = PBXFrameworksBuildPhase;
			buildActionMask = 2147483647;
			files = (
			);
			runOnlyForDeploymentPostprocessing = 0;
		};
/* End PBXFrameworksBuildPhase section */

/* Begin PBXGroup section */
		BFA88BA41A35D90A00C8DA70 = {
			isa = PBXGroup;
			children = (
				BFA88BAF1A35D90A00C8DA70 /* StringObfuscator */,
				BFA88BAE1A35D90A00C8DA70 /* Products */,
			);
			sourceTree = "<group>";
		};
		BFA88BAE1A35D90A00C8DA70 /* Products */ = {
			isa = PBXGroup;
			children = (
				BFA88BAD1A35D90A00C8DA70 /* StringObfuscator */,
			);
			name = Products;
			sourceTree = "<group>";
		};
		BFA88BAF1A35D90A00C8DA70 /* StringObfuscator */ = {
			isa = PBXGroup;
			children = (
				BFA88BB01A35D90A00C8DA70 /* main.m */,
				BF094D341A36249900C2BA7E /* RVStringObfuscator.h */,
			);
			path = StringObfuscator;
			sourceTree = "<group>";
		};
/* End PBXGroup section */

/* Begin PBXNativeTarget section */
		BFA88BAC1A35D90A00C8DA70 /* StringObfuscator */ = {
			isa = PBXNativeTarget;
			buildConfigurationList = BFA88BB41A35D90A00C8DA70 /* Build configuration list for PBXNativeTarget "StringObfuscator" */;
			buildPhases = (
				BFA88BA91A35D90A00C8DA70 /* Sources */,
				BFA88BAA1A35D90A00C8DA70 /* Frameworks */,
				BFA88BAB1A35D90A00C8DA70 /* CopyFiles */,
			);
			buildRules = (
			);
			dependencies = (
			);
			name = StringObfuscator;
			productName = StringObfuscator;
			productReference = BFA88BAD1A35D90A00C8DA70 /* StringObfuscator */;
			productType = "com.apple.product-type.tool";
		};
/* End PBXNativeTarget section */

/* Begin PBXProject section */
		BFA88BA51A35D90A00C8DA70 /* Project object */ = {
			isa = PBXProject;
			attributes = {
				LastUpgradeCheck = 0610;
				ORGANIZATIONNAME = "Robert Vojta";
				TargetAttributes = {
					BFA88BAC1A35D90A00C8DA70 = {
						CreatedOnToolsVersion = 6.1.1;
					};
				};
			};
			buildConfigurationList = BFA88BA81A35D90A00C8DA70 /* Build configuration list for PBXProject "StringObfuscator" */;
			compatibilityVersion = "Xcode 3.2";
			developmentRegion = English;
			hasScannedForEncodings = 0;
			knownRegions = (
				en,
			);
			mainGroup = BFA88BA41A35D90A00C8DA70;
			productRefGroup = BFA88BAE1A35D90A00C8DA70 /* Products */;
			projectDirPath = "";
			projectRoot = "";
			targets = (
				BFA88BAC1A35D90A00C8DA70 /* StringObfuscator */,
			);
		};
/* End PBXProject section */

/* Begin PBXSourcesBuildPhase section */
		BFA88BA91A35D90A00C8DA70 /* Sources */ = {
			isa = PBXSourcesBuildPhase;
			buildActionMask = 2147483647;
			files = (
				BFA88BB11A35D90A00C8DA70 /* main.m in Sources */,
			);
			runOnlyForDeploymentPostprocessing = 0;
		};
/* End PBXSourcesBuildPhase section */

/* Begin XCBuildConfiguration section */
		BFA88BB21A35D90A00C8DA70 /* Debug */ = {
			isa = XCBuildConfiguration;
			buildSettings = {
				ALWAYS_SEARCH_USER_PATHS = NO;
				CLANG_CXX_LANGUAGE_STANDARD = "gnu++0x";
				CLANG_CXX_LIBRARY = "libc++";
				CLANG_ENABLE_MODULES = YES;
				CLANG_ENABLE_OBJC_ARC = YES;
				CLANG_WARN_BOOL_CONVERSION = YES;
				CLANG_WARN_CONSTANT_CONVERSION = YES;
				CLANG_WARN_DIRECT_OBJC_ISA_USAGE = YES_ERROR;
				CLANG_WARN_EMPTY_BODY = YES;
				CLANG_WARN_ENUM_CONVERSION = YES;
				CLANG_WARN_INT_CONVERSION = YES;
				CLANG_WARN_OBJC_ROOT_CLASS = YES_ERROR;
				CLANG_WARN_UNREACHABLE_CODE = YES;
				CLANG_WARN__DUPLICATE_METHOD_MATCH = YES;
				COPY_PHASE_STRIP = NO;
				ENABLE_STRICT_OBJC_MSGSEND = YES;
				GCC_C_LANGUAGE_STANDARD = gnu99;
				GCC_DYNAMIC_NO_PIC = NO;
				GCC_OPTIMIZATION_LEVEL = 0;
				GCC_PREPROCESSOR_DEFINITIONS = (
					"DEBUG=1",
					"$(inherited)",
				);
				GCC_SYMBOLS_PRIVATE_EXTERN = NO;
				GCC_WARN_64_TO_32_BIT_CONVERSION = YES;
				GCC_WARN_ABOUT_RETURN_TYPE = YES_ERROR;
				GCC_WARN_UNDECLARED_SELECTOR = YES;
				GCC_WARN_UNINITIALIZED_AUTOS = YES_AGGRESSIVE;
				GCC_WARN_UNUSED_FUNCTION = YES;
				GCC_WARN_UNUSED_VARIABLE = YES;
				MACOSX_DEPLOYMENT_TARGET = 10.9;
				MTL_ENABLE_DEBUG_INFO = YES;
				ONLY_ACTIVE_ARCH = YES;
				SDKROOT = macosx;
			};
			name = Debug;
		};
		BFA88BB31A35D90A00C8DA70 /* Release */ = {
			isa = XCBuildConfiguration;
			buildSettings = {
				ALWAYS_SEARCH_USER_PATHS = NO;
				CLANG_CXX_LANGUAGE_STANDARD = "gnu++0x";
				CLANG_CXX_LIBRARY = "libc++";
				CLANG_ENABLE_MODULES = YES;
				CLANG_ENABLE_OBJC_ARC = YES;
				CLANG_WARN_BOOL_CONVERSION = YES;
				CLANG_WARN_CONSTANT_CONVERSION = YES;
				CLANG_WARN_DIRECT_OBJC_ISA_USAGE = YES_ERROR;
				CLANG_WARN_EMPTY_BODY = YES;
				CLANG_WARN_ENUM_CONVERSION = YES;
				CLANG_WARN_INT_CONVERSION = YES;
				CLANG_WARN_OBJC_ROOT_CLASS = YES_ERROR;
				CLANG_WARN_UNREACHABLE_CODE = YES;
				CLANG_WARN__DUPLICATE_METHOD_MATCH = YES;
				COPY_PHASE_STRIP = YES;
				DEBUG_INFORMATION_FORMAT = "dwarf-with-dsym";
				ENABLE_NS_ASSERTIONS = NO;
				ENABLE_STRICT_OBJC_MSGSEND = YES;
				GCC_C_LANGUAGE_STANDARD = gnu99;
				GCC_WARN_64_TO_32_BIT_CONVERSION = YES;
				GCC_WARN_ABOUT_RETURN_TYPE = YES_ERROR;
				GCC_WARN_UNDECLARED_SELECTOR = YES;
				GCC_WARN_UNINITIALIZED_AUTOS = YES_AGGRESSIVE;
				GCC_WARN_UNUSED_FUNCTION = YES;
				GCC_WARN_UNUSED_VARIABLE = YES;
				MACOSX_DEPLOYMENT_TARGET = 10.9;
				MTL_ENABLE_DEBUG_INFO = NO;
				SDKROOT = macosx;
			};
			name = Release;
		};
		BFA88BB51A35D90A00C8DA70 /* Debug */ = {
			isa = XCBuildConfiguration;
			buildSettings = {
				PRODUCT_NAME = "$(TARGET_NAME)";
			};
			name = Debug;
		};
		BFA88BB61A35D90A00C8DA70 /* Release */ = {
			isa = XCBuildConfiguration;
			buildSettings = {
				PRODUCT_NAME = "$(TARGET_NAME)";
			};
			name = Release;
		};
/* End XCBuildConfiguration section */

/* Begin XCConfigurationList section */
		BFA88BA81A35D90A00C8DA70 /* Build configuration list for PBXProject "StringObfuscator" */ = {
			isa = XCConfigurationList;
			buildConfigurations = (
				BFA88BB21A35D90A00C8DA70 /* Debug */,
				BFA88BB31A35D90A00C8DA70 /* Release */,
			);
			defaultConfigurationIsVisible = 0;
			defaultConfigurationName = Release;
		};
		BFA88BB41A35D90A00C8DA70 /* Build configuration list for PBXNativeTarget "StringObfuscator" */ = {
			isa = XCConfigurationList;
			buildConfigurations = (
				BFA88BB51A35D90A00C8DA70 /* Debug */,
				BFA88BB61A35D90A00C8DA70 /* Release */,
			);
			defaultConfigurationIsVisible = 0;
			defaultConfigurationName = Release;
		};
/* End XCConfigurationList section */
	};
	rootObject = BFA88BA51A35D90A00C8DA70 /* Project object */;
}
